
Microsoft Visual Studio Solution File, Format Version 12.00
# Visual Studio 2012
Project("{FAE04EC0-301F-11D3-BF4B-00C04F79EFBC}") = "TaskOptimizer", "TaskOptimizer.csproj", "{104B3898-0185-4D53-A71D-715D744843CF}"
EndProject
Project("{FAE04EC0-301F-11D3-BF4B-00C04F79EFBC}") = "RouteAPI", "RouteAPI\RouteAPI.csproj", "{C47553BB-C906-4891-BA3E-0E9367F9472C}"
EndProject
Project("{FAE04EC0-301F-11D3-BF4B-00C04F79EFBC}") = "TaskOptimizer.Tests", "Tests\TaskOptimizer.Tests.csproj", "{0B82D577-71D3-4700-8A5B-59948DFF3B83}"
EndProject
Global
	GlobalSection(SolutionConfigurationPlatforms) = preSolution
		Debug|Any CPU = Debug|Any CPU
		Release|Any CPU = Release|Any CPU
	EndGlobalSection
	GlobalSection(ProjectConfigurationPlatforms) = postSolution
		{0B82D577-71D3-4700-8A5B-59948DFF3B83}.Debug|Any CPU.ActiveCfg = Debug|Any CPU
		{0B82D577-71D3-4700-8A5B-59948DFF3B83}.Debug|Any CPU.Build.0 = Debug|Any CPU
		{0B82D577-71D3-4700-8A5B-59948DFF3B83}.Release|Any CPU.ActiveCfg = Release|Any CPU
		{0B82D577-71D3-4700-8A5B-59948DFF3B83}.Release|Any CPU.Build.0 = Release|Any CPU
		{104B3898-0185-4D53-A71D-715D744843CF}.Debug|Any CPU.ActiveCfg = Debug|Any CPU
		{104B3898-0185-4D53-A71D-715D744843CF}.Debug|Any CPU.Build.0 = Debug|Any CPU
		{104B3898-0185-4D53-A71D-715D744843CF}.Release|Any CPU.ActiveCfg = Release|Any CPU
		{104B3898-0185-4D53-A71D-715D744843CF}.Release|Any CPU.Build.0 = Release|Any CPU
		{C47553BB-C906-4891-BA3E-0E9367F9472C}.Debug|Any CPU.ActiveCfg = Debug|Any CPU
		{C47553BB-C906-4891-BA3E-0E9367F9472C}.Debug|Any CPU.Build.0 = Debug|Any CPU
		{C47553BB-C906-4891-BA3E-0E9367F9472C}.Release|Any CPU.ActiveCfg = Release|Any CPU
		{C47553BB-C906-4891-BA3E-0E9367F9472C}.Release|Any CPU.Build.0 = Release|Any CPU
	EndGlobalSection
	GlobalSection(SolutionProperties) = preSolution
		HideSolutionNode = FALSE
	EndGlobalSection
EndGlobal
